
Microsoft Visual Studio Solution File, Format Version 12.00
Project("{FAE04EC0-301F-11D3-BF4B-00C04F79EFBC}") = "Tbrt.StatusLight.Control", "Tbrt.StatusLight.Control\Tbrt.StatusLight.Control.csproj", "{83EB6EA2-5668-4ADA-927E-8B60A672281E}"
EndProject
Project("{FAE04EC0-301F-11D3-BF4B-00C04F79EFBC}") = "BlinkStickNET", "BlinkStickNET\BlinkStickNET\BlinkStickNET.csproj", "{2B42B6A1-ACAE-49A5-9D0C-AF85664C5700}"
EndProject
Project("{FAE04EC0-301F-11D3-BF4B-00C04F79EFBC}") = "Tbrt.StatusLight.Commander", "Tbrt.StatusLight.Commander\Tbrt.StatusLight.Commander.csproj", "{B9AA2E5C-38E2-460F-9579-D274AE6C7723}"
EndProject
Global
	GlobalSection(SolutionConfigurationPlatforms) = preSolution
		Debug|Any CPU = Debug|Any CPU
		Release|Any CPU = Release|Any CPU
	EndGlobalSection
	GlobalSection(ProjectConfigurationPlatforms) = postSolution
		{83EB6EA2-5668-4ADA-927E-8B60A672281E}.Debug|Any CPU.ActiveCfg = Debug|Any CPU
		{83EB6EA2-5668-4ADA-927E-8B60A672281E}.Debug|Any CPU.Build.0 = Debug|Any CPU
		{83EB6EA2-5668-4ADA-927E-8B60A672281E}.Release|Any CPU.ActiveCfg = Release|Any CPU
		{83EB6EA2-5668-4ADA-927E-8B60A672281E}.Release|Any CPU.Build.0 = Release|Any CPU
		{2B42B6A1-ACAE-49A5-9D0C-AF85664C5700}.Debug|Any CPU.ActiveCfg = Debug|Any CPU
		{2B42B6A1-ACAE-49A5-9D0C-AF85664C5700}.Debug|Any CPU.Build.0 = Debug|Any CPU
		{2B42B6A1-ACAE-49A5-9D0C-AF85664C5700}.Release|Any CPU.ActiveCfg = Release|Any CPU
		{2B42B6A1-ACAE-49A5-9D0C-AF85664C5700}.Release|Any CPU.Build.0 = Release|Any CPU
		{B9AA2E5C-38E2-460F-9579-D274AE6C7723}.Debug|Any CPU.ActiveCfg = Debug|Any CPU
		{B9AA2E5C-38E2-460F-9579-D274AE6C7723}.Debug|Any CPU.Build.0 = Debug|Any CPU
		{B9AA2E5C-38E2-460F-9579-D274AE6C7723}.Release|Any CPU.ActiveCfg = Release|Any CPU
		{B9AA2E5C-38E2-460F-9579-D274AE6C7723}.Release|Any CPU.Build.0 = Release|Any CPU
	EndGlobalSection
EndGlobal
